
Microsoft Visual Studio Solution File, Format Version 12.00
# Visual Studio Version 16
VisualStudioVersion = 16.0.29418.71
MinimumVisualStudioVersion = 10.0.40219.1
Project("{FAE04EC0-301F-11D3-BF4B-00C04F79EFBC}") = "MemeCo", "MemeCo\MemeCo.csproj", "{E6B57451-97BA-479D-A6E2-5524852E23AB}"
EndProject
Global
	GlobalSection(SolutionConfigurationPlatforms) = preSolution
		Debug|Any CPU = Debug|Any CPU
		Release|Any CPU = Release|Any CPU
	EndGlobalSection
	GlobalSection(ProjectConfigurationPlatforms) = postSolution
		{E6B57451-97BA-479D-A6E2-5524852E23AB}.Debug|Any CPU.ActiveCfg = Debug|Any CPU
		{E6B57451-97BA-479D-A6E2-5524852E23AB}.Debug|Any CPU.Build.0 = Debug|Any CPU
		{E6B57451-97BA-479D-A6E2-5524852E23AB}.Release|Any CPU.ActiveCfg = Release|Any CPU
		{E6B57451-97BA-479D-A6E2-5524852E23AB}.Release|Any CPU.Build.0 = Release|Any CPU
	EndGlobalSection
	GlobalSection(SolutionProperties) = preSolution
		HideSolutionNode = FALSE
	EndGlobalSection
	GlobalSection(ExtensibilityGlobals) = postSolution
		SolutionGuid = {025CBACA-A685-4682-92E1-D3AAC68ECDC4}
	EndGlobalSection
EndGlobal
